// !$*UTF8*$!
{
	archiveVersion = 1;
	classes = {
	};
	objectVersion = 50;
	objects = {

/* Begin PBXBuildFile section */
		332651DC23CE0C9700116C48 /* Contact.swift in Sources */ = {isa = PBXBuildFile; fileRef = 332651DB23CE0C9700116C48 /* Contact.swift */; };
		335C8D2323CDDE9400855D35 /* AppDelegate.swift in Sources */ = {isa = PBXBuildFile; fileRef = 335C8D2223CDDE9400855D35 /* AppDelegate.swift */; };
		335C8D2523CDDE9400855D35 /* SceneDelegate.swift in Sources */ = {isa = PBXBuildFile; fileRef = 335C8D2423CDDE9400855D35 /* SceneDelegate.swift */; };
		335C8D2723CDDE9400855D35 /* AddContactView.swift in Sources */ = {isa = PBXBuildFile; fileRef = 335C8D2623CDDE9400855D35 /* AddContactView.swift */; };
		335C8D2923CDDE9500855D35 /* Assets.xcassets in Resources */ = {isa = PBXBuildFile; fileRef = 335C8D2823CDDE9500855D35 /* Assets.xcassets */; };
		335C8D2C23CDDE9500855D35 /* Preview Assets.xcassets in Resources */ = {isa = PBXBuildFile; fileRef = 335C8D2B23CDDE9500855D35 /* Preview Assets.xcassets */; };
		335C8D2F23CDDE9500855D35 /* LaunchScreen.storyboard in Resources */ = {isa = PBXBuildFile; fileRef = 335C8D2D23CDDE9500855D35 /* LaunchScreen.storyboard */; };
		33B67CC823CF6A4C00BDE948 /* Annuaire.swift in Sources */ = {isa = PBXBuildFile; fileRef = 33B67CC723CF6A4C00BDE948 /* Annuaire.swift */; };
		33B67CCA23CF6B1B00BDE948 /* ContactListView.swift in Sources */ = {isa = PBXBuildFile; fileRef = 33B67CC923CF6B1B00BDE948 /* ContactListView.swift */; };
		33B67CD323D0932200BDE948 /* ContactCellView.swift in Sources */ = {isa = PBXBuildFile; fileRef = 33B67CD223D0932200BDE948 /* ContactCellView.swift */; };
		33B67CD523D0953800BDE948 /* GlobalTabView.swift in Sources */ = {isa = PBXBuildFile; fileRef = 33B67CD423D0953700BDE948 /* GlobalTabView.swift */; };
		33B67CD723D095C400BDE948 /* MapView.swift in Sources */ = {isa = PBXBuildFile; fileRef = 33B67CD623D095C400BDE948 /* MapView.swift */; };
		33B67CD923D098D100BDE948 /* ContactDetailsView.swift in Sources */ = {isa = PBXBuildFile; fileRef = 33B67CD823D098D100BDE948 /* ContactDetailsView.swift */; };
		33B67CDB23D0996600BDE948 /* InitialsRoundView.swift in Sources */ = {isa = PBXBuildFile; fileRef = 33B67CDA23D0996600BDE948 /* InitialsRoundView.swift */; };
/* End PBXBuildFile section */

/* Begin PBXFileReference section */
		332651DB23CE0C9700116C48 /* Contact.swift */ = {isa = PBXFileReference; lastKnownFileType = sourcecode.swift; path = Contact.swift; sourceTree = "<group>"; };
		335C8D1F23CDDE9400855D35 /* Contacts SwiftUI.app */ = {isa = PBXFileReference; explicitFileType = wrapper.application; includeInIndex = 0; path = "Contacts SwiftUI.app"; sourceTree = BUILT_PRODUCTS_DIR; };
		335C8D2223CDDE9400855D35 /* AppDelegate.swift */ = {isa = PBXFileReference; lastKnownFileType = sourcecode.swift; path = AppDelegate.swift; sourceTree = "<group>"; };
		335C8D2423CDDE9400855D35 /* SceneDelegate.swift */ = {isa = PBXFileReference; lastKnownFileType = sourcecode.swift; path = SceneDelegate.swift; sourceTree = "<group>"; };
		335C8D2623CDDE9400855D35 /* AddContactView.swift */ = {isa = PBXFileReference; lastKnownFileType = sourcecode.swift; path = AddContactView.swift; sourceTree = "<group>"; };
		335C8D2823CDDE9500855D35 /* Assets.xcassets */ = {isa = PBXFileReference; lastKnownFileType = folder.assetcatalog; path = Assets.xcassets; sourceTree = "<group>"; };
		335C8D2B23CDDE9500855D35 /* Preview Assets.xcassets */ = {isa = PBXFileReference; lastKnownFileType = folder.assetcatalog; path = "Preview Assets.xcassets"; sourceTree = "<group>"; };
		335C8D2E23CDDE9500855D35 /* Base */ = {isa = PBXFileReference; lastKnownFileType = file.storyboard; name = Base; path = Base.lproj/LaunchScreen.storyboard; sourceTree = "<group>"; };
		335C8D3023CDDE9500855D35 /* Info.plist */ = {isa = PBXFileReference; lastKnownFileType = text.plist.xml; path = Info.plist; sourceTree = "<group>"; };
		33B67CC723CF6A4C00BDE948 /* Annuaire.swift */ = {isa = PBXFileReference; lastKnownFileType = sourcecode.swift; path = Annuaire.swift; sourceTree = "<group>"; };
		33B67CC923CF6B1B00BDE948 /* ContactListView.swift */ = {isa = PBXFileReference; lastKnownFileType = sourcecode.swift; path = ContactListView.swift; sourceTree = "<group>"; };
		33B67CD223D0932200BDE948 /* ContactCellView.swift */ = {isa = PBXFileReference; lastKnownFileType = sourcecode.swift; path = ContactCellView.swift; sourceTree = "<group>"; };
		33B67CD423D0953700BDE948 /* GlobalTabView.swift */ = {isa = PBXFileReference; lastKnownFileType = sourcecode.swift; path = GlobalTabView.swift; sourceTree = "<group>"; };
		33B67CD623D095C400BDE948 /* MapView.swift */ = {isa = PBXFileReference; lastKnownFileType = sourcecode.swift; path = MapView.swift; sourceTree = "<group>"; };
		33B67CD823D098D100BDE948 /* ContactDetailsView.swift */ = {isa = PBXFileReference; lastKnownFileType = sourcecode.swift; path = ContactDetailsView.swift; sourceTree = "<group>"; };
		33B67CDA23D0996600BDE948 /* InitialsRoundView.swift */ = {isa = PBXFileReference; lastKnownFileType = sourcecode.swift; path = InitialsRoundView.swift; sourceTree = "<group>"; };
/* End PBXFileReference section */

/* Begin PBXFrameworksBuildPhase section */
		335C8D1C23CDDE9400855D35 /* Frameworks */ = {
			isa = PBXFrameworksBuildPhase;
			buildActionMask = 2147483647;
			files = (
			);
			runOnlyForDeploymentPostprocessing = 0;
		};
/* End PBXFrameworksBuildPhase section */

/* Begin PBXGroup section */
		335C8D1623CDDE9400855D35 = {
			isa = PBXGroup;
			children = (
				335C8D2123CDDE9400855D35 /* Contacts SwiftUI */,
				335C8D2023CDDE9400855D35 /* Products */,
			);
			sourceTree = "<group>";
		};
		335C8D2023CDDE9400855D35 /* Products */ = {
			isa = PBXGroup;
			children = (
				335C8D1F23CDDE9400855D35 /* Contacts SwiftUI.app */,
			);
			name = Products;
			sourceTree = "<group>";
		};
		335C8D2123CDDE9400855D35 /* Contacts SwiftUI */ = {
			isa = PBXGroup;
			children = (
				335C8D2223CDDE9400855D35 /* AppDelegate.swift */,
				335C8D2423CDDE9400855D35 /* SceneDelegate.swift */,
				33B67CD123D092FC00BDE948 /* View */,
				332651DB23CE0C9700116C48 /* Contact.swift */,
				33B67CC723CF6A4C00BDE948 /* Annuaire.swift */,
				335C8D2823CDDE9500855D35 /* Assets.xcassets */,
				335C8D2D23CDDE9500855D35 /* LaunchScreen.storyboard */,
				335C8D3023CDDE9500855D35 /* Info.plist */,
				335C8D2A23CDDE9500855D35 /* Preview Content */,
			);
			path = "Contacts SwiftUI";
			sourceTree = "<group>";
		};
		335C8D2A23CDDE9500855D35 /* Preview Content */ = {
			isa = PBXGroup;
			children = (
				335C8D2B23CDDE9500855D35 /* Preview Assets.xcassets */,
			);
			path = "Preview Content";
			sourceTree = "<group>";
		};
		33B67CD123D092FC00BDE948 /* View */ = {
			isa = PBXGroup;
			children = (
				335C8D2623CDDE9400855D35 /* AddContactView.swift */,
				33B67CC923CF6B1B00BDE948 /* ContactListView.swift */,
				33B67CD823D098D100BDE948 /* ContactDetailsView.swift */,
				33B67CD423D0953700BDE948 /* GlobalTabView.swift */,
				33B67CD623D095C400BDE948 /* MapView.swift */,
				33B67CD223D0932200BDE948 /* ContactCellView.swift */,
				33B67CDA23D0996600BDE948 /* InitialsRoundView.swift */,
			);
			path = View;
			sourceTree = "<group>";
		};
/* End PBXGroup section */

/* Begin PBXNativeTarget section */
		335C8D1E23CDDE9400855D35 /* Contacts SwiftUI */ = {
			isa = PBXNativeTarget;
			buildConfigurationList = 335C8D3323CDDE9500855D35 /* Build configuration list for PBXNativeTarget "Contacts SwiftUI" */;
			buildPhases = (
				335C8D1B23CDDE9400855D35 /* Sources */,
				335C8D1C23CDDE9400855D35 /* Frameworks */,
				335C8D1D23CDDE9400855D35 /* Resources */,
			);
			buildRules = (
			);
			dependencies = (
			);
			name = "Contacts SwiftUI";
			productName = "Contacts SwiftUI";
			productReference = 335C8D1F23CDDE9400855D35 /* Contacts SwiftUI.app */;
			productType = "com.apple.product-type.application";
		};
/* End PBXNativeTarget section */

/* Begin PBXProject section */
		335C8D1723CDDE9400855D35 /* Project object */ = {
			isa = PBXProject;
			attributes = {
				LastSwiftUpdateCheck = 1130;
				LastUpgradeCheck = 1130;
				ORGANIZATIONNAME = Tectec;
				TargetAttributes = {
					335C8D1E23CDDE9400855D35 = {
						CreatedOnToolsVersion = 11.3;
					};
				};
			};
			buildConfigurationList = 335C8D1A23CDDE9400855D35 /* Build configuration list for PBXProject "Contacts SwiftUI" */;
			compatibilityVersion = "Xcode 9.3";
			developmentRegion = en;
			hasScannedForEncodings = 0;
			knownRegions = (
				en,
				Base,
			);
			mainGroup = 335C8D1623CDDE9400855D35;
			productRefGroup = 335C8D2023CDDE9400855D35 /* Products */;
			projectDirPath = "";
			projectRoot = "";
			targets = (
				335C8D1E23CDDE9400855D35 /* Contacts SwiftUI */,
			);
		};
/* End PBXProject section */

/* Begin PBXResourcesBuildPhase section */
		335C8D1D23CDDE9400855D35 /* Resources */ = {
			isa = PBXResourcesBuildPhase;
			buildActionMask = 2147483647;
			files = (
				335C8D2F23CDDE9500855D35 /* LaunchScreen.storyboard in Resources */,
				335C8D2C23CDDE9500855D35 /* Preview Assets.xcassets in Resources */,
				335C8D2923CDDE9500855D35 /* Assets.xcassets in Resources */,
			);
			runOnlyForDeploymentPostprocessing = 0;
		};
/* End PBXResourcesBuildPhase section */

/* Begin PBXSourcesBuildPhase section */
		335C8D1B23CDDE9400855D35 /* Sources */ = {
			isa = PBXSourcesBuildPhase;
			buildActionMask = 2147483647;
			files = (
				33B67CD923D098D100BDE948 /* ContactDetailsView.swift in Sources */,
				332651DC23CE0C9700116C48 /* Contact.swift in Sources */,
				33B67CD523D0953800BDE948 /* GlobalTabView.swift in Sources */,
				33B67CD323D0932200BDE948 /* ContactCellView.swift in Sources */,
				33B67CDB23D0996600BDE948 /* InitialsRoundView.swift in Sources */,
				335C8D2323CDDE9400855D35 /* AppDelegate.swift in Sources */,
				33B67CC823CF6A4C00BDE948 /* Annuaire.swift in Sources */,
				33B67CCA23CF6B1B00BDE948 /* ContactListView.swift in Sources */,
				335C8D2523CDDE9400855D35 /* SceneDelegate.swift in Sources */,
				33B67CD723D095C400BDE948 /* MapView.swift in Sources */,
				335C8D2723CDDE9400855D35 /* AddContactView.swift in Sources */,
			);
			runOnlyForDeploymentPostprocessing = 0;
		};
/* End PBXSourcesBuildPhase section */

/* Begin PBXVariantGroup section */
		335C8D2D23CDDE9500855D35 /* LaunchScreen.storyboard */ = {
			isa = PBXVariantGroup;
			children = (
				335C8D2E23CDDE9500855D35 /* Base */,
			);
			name = LaunchScreen.storyboard;
			sourceTree = "<group>";
		};
/* End PBXVariantGroup section */

/* Begin XCBuildConfiguration section */
		335C8D3123CDDE9500855D35 /* Debug */ = {
			isa = XCBuildConfiguration;
			buildSettings = {
				ALWAYS_SEARCH_USER_PATHS = NO;
				CLANG_ANALYZER_NONNULL = YES;
				CLANG_ANALYZER_NUMBER_OBJECT_CONVERSION = YES_AGGRESSIVE;
				CLANG_CXX_LANGUAGE_STANDARD = "gnu++14";
				CLANG_CXX_LIBRARY = "libc++";
				CLANG_ENABLE_MODULES = YES;
				CLANG_ENABLE_OBJC_ARC = YES;
				CLANG_ENABLE_OBJC_WEAK = YES;
				CLANG_WARN_BLOCK_CAPTURE_AUTORELEASING = YES;
				CLANG_WARN_BOOL_CONVERSION = YES;
				CLANG_WARN_COMMA = YES;
				CLANG_WARN_CONSTANT_CONVERSION = YES;
				CLANG_WARN_DEPRECATED_OBJC_IMPLEMENTATIONS = YES;
				CLANG_WARN_DIRECT_OBJC_ISA_USAGE = YES_ERROR;
				CLANG_WARN_DOCUMENTATION_COMMENTS = YES;
				CLANG_WARN_EMPTY_BODY = YES;
				CLANG_WARN_ENUM_CONVERSION = YES;
				CLANG_WARN_INFINITE_RECURSION = YES;
				CLANG_WARN_INT_CONVERSION = YES;
				CLANG_WARN_NON_LITERAL_NULL_CONVERSION = YES;
				CLANG_WARN_OBJC_IMPLICIT_RETAIN_SELF = YES;
				CLANG_WARN_OBJC_LITERAL_CONVERSION = YES;
				CLANG_WARN_OBJC_ROOT_CLASS = YES_ERROR;
				CLANG_WARN_RANGE_LOOP_ANALYSIS = YES;
				CLANG_WARN_STRICT_PROTOTYPES = YES;
				CLANG_WARN_SUSPICIOUS_MOVE = YES;
				CLANG_WARN_UNGUARDED_AVAILABILITY = YES_AGGRESSIVE;
				CLANG_WARN_UNREACHABLE_CODE = YES;
				CLANG_WARN__DUPLICATE_METHOD_MATCH = YES;
				COPY_PHASE_STRIP = NO;
				DEBUG_INFORMATION_FORMAT = dwarf;
				ENABLE_STRICT_OBJC_MSGSEND = YES;
				ENABLE_TESTABILITY = YES;
				GCC_C_LANGUAGE_STANDARD = gnu11;
				GCC_DYNAMIC_NO_PIC = NO;
				GCC_NO_COMMON_BLOCKS = YES;
				GCC_OPTIMIZATION_LEVEL = 0;
				GCC_PREPROCESSOR_DEFINITIONS = (
					"DEBUG=1",
					"$(inherited)",
				);
				GCC_WARN_64_TO_32_BIT_CONVERSION = YES;
				GCC_WARN_ABOUT_RETURN_TYPE = YES_ERROR;
				GCC_WARN_UNDECLARED_SELECTOR = YES;
				GCC_WARN_UNINITIALIZED_AUTOS = YES_AGGRESSIVE;
				GCC_WARN_UNUSED_FUNCTION = YES;
				GCC_WARN_UNUSED_VARIABLE = YES;
				IPHONEOS_DEPLOYMENT_TARGET = 13.2;
				MTL_ENABLE_DEBUG_INFO = INCLUDE_SOURCE;
				MTL_FAST_MATH = YES;
				ONLY_ACTIVE_ARCH = YES;
				SDKROOT = iphoneos;
				SWIFT_ACTIVE_COMPILATION_CONDITIONS = DEBUG;
				SWIFT_OPTIMIZATION_LEVEL = "-Onone";
			};
			name = Debug;
		};
		335C8D3223CDDE9500855D35 /* Release */ = {
			isa = XCBuildConfiguration;
			buildSettings = {
				ALWAYS_SEARCH_USER_PATHS = NO;
				CLANG_ANALYZER_NONNULL = YES;
				CLANG_ANALYZER_NUMBER_OBJECT_CONVERSION = YES_AGGRESSIVE;
				CLANG_CXX_LANGUAGE_STANDARD = "gnu++14";
				CLANG_CXX_LIBRARY = "libc++";
				CLANG_ENABLE_MODULES = YES;
				CLANG_ENABLE_OBJC_ARC = YES;
				CLANG_ENABLE_OBJC_WEAK = YES;
				CLANG_WARN_BLOCK_CAPTURE_AUTORELEASING = YES;
				CLANG_WARN_BOOL_CONVERSION = YES;
				CLANG_WARN_COMMA = YES;
				CLANG_WARN_CONSTANT_CONVERSION = YES;
				CLANG_WARN_DEPRECATED_OBJC_IMPLEMENTATIONS = YES;
				CLANG_WARN_DIRECT_OBJC_ISA_USAGE = YES_ERROR;
				CLANG_WARN_DOCUMENTATION_COMMENTS = YES;
				CLANG_WARN_EMPTY_BODY = YES;
				CLANG_WARN_ENUM_CONVERSION = YES;
				CLANG_WARN_INFINITE_RECURSION = YES;
				CLANG_WARN_INT_CONVERSION = YES;
				CLANG_WARN_NON_LITERAL_NULL_CONVERSION = YES;
				CLANG_WARN_OBJC_IMPLICIT_RETAIN_SELF = YES;
				CLANG_WARN_OBJC_LITERAL_CONVERSION = YES;
				CLANG_WARN_OBJC_ROOT_CLASS = YES_ERROR;
				CLANG_WARN_RANGE_LOOP_ANALYSIS = YES;
				CLANG_WARN_STRICT_PROTOTYPES = YES;
				CLANG_WARN_SUSPICIOUS_MOVE = YES;
				CLANG_WARN_UNGUARDED_AVAILABILITY = YES_AGGRESSIVE;
				CLANG_WARN_UNREACHABLE_CODE = YES;
				CLANG_WARN__DUPLICATE_METHOD_MATCH = YES;
				COPY_PHASE_STRIP = NO;
				DEBUG_INFORMATION_FORMAT = "dwarf-with-dsym";
				ENABLE_NS_ASSERTIONS = NO;
				ENABLE_STRICT_OBJC_MSGSEND = YES;
				GCC_C_LANGUAGE_STANDARD = gnu11;
				GCC_NO_COMMON_BLOCKS = YES;
				GCC_WARN_64_TO_32_BIT_CONVERSION = YES;
				GCC_WARN_ABOUT_RETURN_TYPE = YES_ERROR;
				GCC_WARN_UNDECLARED_SELECTOR = YES;
				GCC_WARN_UNINITIALIZED_AUTOS = YES_AGGRESSIVE;
				GCC_WARN_UNUSED_FUNCTION = YES;
				GCC_WARN_UNUSED_VARIABLE = YES;
				IPHONEOS_DEPLOYMENT_TARGET = 13.2;
				MTL_ENABLE_DEBUG_INFO = NO;
				MTL_FAST_MATH = YES;
				SDKROOT = iphoneos;
				SWIFT_COMPILATION_MODE = wholemodule;
				SWIFT_OPTIMIZATION_LEVEL = "-O";
				VALIDATE_PRODUCT = YES;
			};
			name = Release;
		};
		335C8D3423CDDE9500855D35 /* Debug */ = {
			isa = XCBuildConfiguration;
			buildSettings = {
				ASSETCATALOG_COMPILER_APPICON_NAME = AppIcon;
				CODE_SIGN_STYLE = Automatic;
				DEVELOPMENT_ASSET_PATHS = "\"Contacts SwiftUI/Preview Content\"";
				DEVELOPMENT_TEAM = A7SGM6JEMA;
				ENABLE_PREVIEWS = YES;
				INFOPLIST_FILE = "Contacts SwiftUI/Info.plist";
				LD_RUNPATH_SEARCH_PATHS = (
					"$(inherited)",
					"@executable_path/Frameworks",
				);
				PRODUCT_BUNDLE_IDENTIFIER = "fr.tectec.Contacts-SwiftUI";
				PRODUCT_NAME = "$(TARGET_NAME)";
				SWIFT_VERSION = 5.0;
				TARGETED_DEVICE_FAMILY = "1,2";
			};
			name = Debug;
		};
		335C8D3523CDDE9500855D35 /* Release */ = {
			isa = XCBuildConfiguration;
			buildSettings = {
				ASSETCATALOG_COMPILER_APPICON_NAME = AppIcon;
				CODE_SIGN_STYLE = Automatic;
				DEVELOPMENT_ASSET_PATHS = "\"Contacts SwiftUI/Preview Content\"";
				DEVELOPMENT_TEAM = A7SGM6JEMA;
				ENABLE_PREVIEWS = YES;
				INFOPLIST_FILE = "Contacts SwiftUI/Info.plist";
				LD_RUNPATH_SEARCH_PATHS = (
					"$(inherited)",
					"@executable_path/Frameworks",
				);
				PRODUCT_BUNDLE_IDENTIFIER = "fr.tectec.Contacts-SwiftUI";
				PRODUCT_NAME = "$(TARGET_NAME)";
				SWIFT_VERSION = 5.0;
				TARGETED_DEVICE_FAMILY = "1,2";
			};
			name = Release;
		};
/* End XCBuildConfiguration section */

/* Begin XCConfigurationList section */
		335C8D1A23CDDE9400855D35 /* Build configuration list for PBXProject "Contacts SwiftUI" */ = {
			isa = XCConfigurationList;
			buildConfigurations = (
				335C8D3123CDDE9500855D35 /* Debug */,
				335C8D3223CDDE9500855D35 /* Release */,
			);
			defaultConfigurationIsVisible = 0;
			defaultConfigurationName = Release;
		};
		335C8D3323CDDE9500855D35 /* Build configuration list for PBXNativeTarget "Contacts SwiftUI" */ = {
			isa = XCConfigurationList;
			buildConfigurations = (
				335C8D3423CDDE9500855D35 /* Debug */,
				335C8D3523CDDE9500855D35 /* Release */,
			);
			defaultConfigurationIsVisible = 0;
			defaultConfigurationName = Release;
		};
/* End XCConfigurationList section */
	};
	rootObject = 335C8D1723CDDE9400855D35 /* Project object */;
}
